// !$*UTF8*$!
{
	archiveVersion = 1;
	classes = {
	};
	objectVersion = 56;
	objects = {

/* Begin PBXBuildFile section */
		E9063FCE299C08F60030DC96 /* DayItem.swift in Sources */ = {isa = PBXBuildFile; fileRef = E9063FCD299C08F60030DC96 /* DayItem.swift */; };
		E9063FD0299C37130030DC96 /* Today.swift in Sources */ = {isa = PBXBuildFile; fileRef = E9063FCF299C37130030DC96 /* Today.swift */; };
		E9063FD2299C3B5E0030DC96 /* WeekDay.swift in Sources */ = {isa = PBXBuildFile; fileRef = E9063FD1299C3B5E0030DC96 /* WeekDay.swift */; };
		E9063FD4299C80B30030DC96 /* DeleteCourseView.swift in Sources */ = {isa = PBXBuildFile; fileRef = E9063FD3299C80B30030DC96 /* DeleteCourseView.swift */; };
		E9063FD6299C89600030DC96 /* DeleteCourse.swift in Sources */ = {isa = PBXBuildFile; fileRef = E9063FD5299C89600030DC96 /* DeleteCourse.swift */; };
		E9063FD8299C8C5C0030DC96 /* Course.swift in Sources */ = {isa = PBXBuildFile; fileRef = E9063FD7299C8C5C0030DC96 /* Course.swift */; };
		E907801829A40291004F8C84 /* SignInView.swift in Sources */ = {isa = PBXBuildFile; fileRef = E907801729A40291004F8C84 /* SignInView.swift */; };
		E9106385299B155400C5FC7F /* Localizable.strings in Resources */ = {isa = PBXBuildFile; fileRef = E9106387299B155400C5FC7F /* Localizable.strings */; };
		E910638A299B1A9A00C5FC7F /* LocalizableString.swift in Sources */ = {isa = PBXBuildFile; fileRef = E9106389299B1A9A00C5FC7F /* LocalizableString.swift */; };
		E9322DB429A906EE003444BF /* tools.swift in Sources */ = {isa = PBXBuildFile; fileRef = E9322DB329A906EE003444BF /* tools.swift */; };
		E93D843229A867060080B9E4 /* Kiara.swift in Sources */ = {isa = PBXBuildFile; fileRef = E93D843129A867060080B9E4 /* Kiara.swift */; };
		E97F11A529A07818004ED048 /* Kiara_API.swift in Sources */ = {isa = PBXBuildFile; fileRef = E97F11A429A07818004ED048 /* Kiara_API.swift */; };
		E97F11A729A07DA3004ED048 /* Launch Screen.storyboard in Resources */ = {isa = PBXBuildFile; fileRef = E97F11A629A07DA3004ED048 /* Launch Screen.storyboard */; };
		E9A8491D298A1E9900F205CB /* KiaraApp.swift in Sources */ = {isa = PBXBuildFile; fileRef = E9A8491C298A1E9900F205CB /* KiaraApp.swift */; };
		E9A8491F298A1E9900F205CB /* ContentView.swift in Sources */ = {isa = PBXBuildFile; fileRef = E9A8491E298A1E9900F205CB /* ContentView.swift */; };
		E9A84921298A1E9A00F205CB /* Assets.xcassets in Resources */ = {isa = PBXBuildFile; fileRef = E9A84920298A1E9A00F205CB /* Assets.xcassets */; };
		E9A84924298A1E9A00F205CB /* Preview Assets.xcassets in Resources */ = {isa = PBXBuildFile; fileRef = E9A84923298A1E9A00F205CB /* Preview Assets.xcassets */; };
		E9AF40242996C9CD00D7BCE3 /* Bloc.swift in Sources */ = {isa = PBXBuildFile; fileRef = E9AF40232996C9CD00D7BCE3 /* Bloc.swift */; };
		E9AF40272996CA9300D7BCE3 /* CourseBloc.swift in Sources */ = {isa = PBXBuildFile; fileRef = E9AF40262996CA9300D7BCE3 /* CourseBloc.swift */; };
		E9AF40292996CAC300D7BCE3 /* TimeBloc.swift in Sources */ = {isa = PBXBuildFile; fileRef = E9AF40282996CAC300D7BCE3 /* TimeBloc.swift */; };
		E9AF402B29980AAF00D7BCE3 /* EmptyBloc.swift in Sources */ = {isa = PBXBuildFile; fileRef = E9AF402A29980AAF00D7BCE3 /* EmptyBloc.swift */; };
		E9AF402D2998116100D7BCE3 /* WeekView.swift in Sources */ = {isa = PBXBuildFile; fileRef = E9AF402C2998116100D7BCE3 /* WeekView.swift */; };
		E9AF40312998127600D7BCE3 /* TodayView.swift in Sources */ = {isa = PBXBuildFile; fileRef = E9AF40302998127600D7BCE3 /* TodayView.swift */; };
		E9AF40332998128900D7BCE3 /* FriendsView.swift in Sources */ = {isa = PBXBuildFile; fileRef = E9AF40322998128900D7BCE3 /* FriendsView.swift */; };
		E9AF40372998802800D7BCE3 /* DayOfWeek.swift in Sources */ = {isa = PBXBuildFile; fileRef = E9AF40362998802800D7BCE3 /* DayOfWeek.swift */; };
		E9AF403D29988CEA00D7BCE3 /* CourseEditoView.swift in Sources */ = {isa = PBXBuildFile; fileRef = E9AF403C29988CEA00D7BCE3 /* CourseEditoView.swift */; };
		E9AF403F29988D5000D7BCE3 /* CourseEditor.swift in Sources */ = {isa = PBXBuildFile; fileRef = E9AF403E29988D5000D7BCE3 /* CourseEditor.swift */; };
		E9CC84CE29A536D5004CC0B5 /* UserView.swift in Sources */ = {isa = PBXBuildFile; fileRef = E9CC84CD29A536D5004CC0B5 /* UserView.swift */; };
/* End PBXBuildFile section */

/* Begin PBXCopyFilesBuildPhase section */
		E907801029A3FFBA004F8C84 /* Embed Foundation Extensions */ = {
			isa = PBXCopyFilesBuildPhase;
			buildActionMask = 2147483647;
			dstPath = "";
			dstSubfolderSpec = 13;
			files = (
			);
			name = "Embed Foundation Extensions";
			runOnlyForDeploymentPostprocessing = 0;
		};
/* End PBXCopyFilesBuildPhase section */

/* Begin PBXFileReference section */
		E9063FCD299C08F60030DC96 /* DayItem.swift */ = {isa = PBXFileReference; lastKnownFileType = sourcecode.swift; path = DayItem.swift; sourceTree = "<group>"; };
		E9063FCF299C37130030DC96 /* Today.swift */ = {isa = PBXFileReference; lastKnownFileType = sourcecode.swift; path = Today.swift; sourceTree = "<group>"; };
		E9063FD1299C3B5E0030DC96 /* WeekDay.swift */ = {isa = PBXFileReference; lastKnownFileType = sourcecode.swift; path = WeekDay.swift; sourceTree = "<group>"; };
		E9063FD3299C80B30030DC96 /* DeleteCourseView.swift */ = {isa = PBXFileReference; lastKnownFileType = sourcecode.swift; path = DeleteCourseView.swift; sourceTree = "<group>"; };
		E9063FD5299C89600030DC96 /* DeleteCourse.swift */ = {isa = PBXFileReference; lastKnownFileType = sourcecode.swift; path = DeleteCourse.swift; sourceTree = "<group>"; };
		E9063FD7299C8C5C0030DC96 /* Course.swift */ = {isa = PBXFileReference; lastKnownFileType = sourcecode.swift; path = Course.swift; sourceTree = "<group>"; };
		E9063FDE299D6CE40030DC96 /* fr */ = {isa = PBXFileReference; lastKnownFileType = text.plist.strings; name = fr; path = fr.lproj/Localizable.strings; sourceTree = "<group>"; };
		E907800429A3FFBA004F8C84 /* AuthenticationServices.framework */ = {isa = PBXFileReference; lastKnownFileType = wrapper.framework; name = AuthenticationServices.framework; path = System/Library/Frameworks/AuthenticationServices.framework; sourceTree = SDKROOT; };
		E907801729A40291004F8C84 /* SignInView.swift */ = {isa = PBXFileReference; lastKnownFileType = sourcecode.swift; path = SignInView.swift; sourceTree = "<group>"; };
		E907801A29A42CDB004F8C84 /* Kiara.entitlements */ = {isa = PBXFileReference; lastKnownFileType = text.plist.entitlements; path = Kiara.entitlements; sourceTree = "<group>"; };
		E9106386299B155400C5FC7F /* en */ = {isa = PBXFileReference; lastKnownFileType = text.plist.strings; name = en; path = en.lproj/Localizable.strings; sourceTree = "<group>"; };
		E9106388299B155900C5FC7F /* fr-CA */ = {isa = PBXFileReference; lastKnownFileType = text.plist.strings; name = "fr-CA"; path = "fr-CA.lproj/Localizable.strings"; sourceTree = "<group>"; usesTabs = 0; };
		E9106389299B1A9A00C5FC7F /* LocalizableString.swift */ = {isa = PBXFileReference; lastKnownFileType = sourcecode.swift; path = LocalizableString.swift; sourceTree = "<group>"; };
		E9322DB329A906EE003444BF /* tools.swift */ = {isa = PBXFileReference; lastKnownFileType = sourcecode.swift; path = tools.swift; sourceTree = "<group>"; };
		E93D843129A867060080B9E4 /* Kiara.swift */ = {isa = PBXFileReference; lastKnownFileType = sourcecode.swift; path = Kiara.swift; sourceTree = "<group>"; };
		E97F11A429A07818004ED048 /* Kiara_API.swift */ = {isa = PBXFileReference; lastKnownFileType = sourcecode.swift; path = Kiara_API.swift; sourceTree = "<group>"; };
		E97F11A629A07DA3004ED048 /* Launch Screen.storyboard */ = {isa = PBXFileReference; lastKnownFileType = file.storyboard; path = "Launch Screen.storyboard"; sourceTree = "<group>"; };
		E9A84919298A1E9900F205CB /* Kiara.app */ = {isa = PBXFileReference; explicitFileType = wrapper.application; includeInIndex = 0; path = Kiara.app; sourceTree = BUILT_PRODUCTS_DIR; };
		E9A8491C298A1E9900F205CB /* KiaraApp.swift */ = {isa = PBXFileReference; lastKnownFileType = sourcecode.swift; path = KiaraApp.swift; sourceTree = "<group>"; };
		E9A8491E298A1E9900F205CB /* ContentView.swift */ = {isa = PBXFileReference; lastKnownFileType = sourcecode.swift; path = ContentView.swift; sourceTree = "<group>"; };
		E9A84920298A1E9A00F205CB /* Assets.xcassets */ = {isa = PBXFileReference; lastKnownFileType = folder.assetcatalog; path = Assets.xcassets; sourceTree = "<group>"; };
		E9A84923298A1E9A00F205CB /* Preview Assets.xcassets */ = {isa = PBXFileReference; lastKnownFileType = folder.assetcatalog; path = "Preview Assets.xcassets"; sourceTree = "<group>"; };
		E9AF40232996C9CD00D7BCE3 /* Bloc.swift */ = {isa = PBXFileReference; lastKnownFileType = sourcecode.swift; path = Bloc.swift; sourceTree = "<group>"; };
		E9AF40262996CA9300D7BCE3 /* CourseBloc.swift */ = {isa = PBXFileReference; lastKnownFileType = sourcecode.swift; path = CourseBloc.swift; sourceTree = "<group>"; };
		E9AF40282996CAC300D7BCE3 /* TimeBloc.swift */ = {isa = PBXFileReference; lastKnownFileType = sourcecode.swift; path = TimeBloc.swift; sourceTree = "<group>"; };
		E9AF402A29980AAF00D7BCE3 /* EmptyBloc.swift */ = {isa = PBXFileReference; lastKnownFileType = sourcecode.swift; path = EmptyBloc.swift; sourceTree = "<group>"; };
		E9AF402C2998116100D7BCE3 /* WeekView.swift */ = {isa = PBXFileReference; lastKnownFileType = sourcecode.swift; path = WeekView.swift; sourceTree = "<group>"; };
		E9AF40302998127600D7BCE3 /* TodayView.swift */ = {isa = PBXFileReference; lastKnownFileType = sourcecode.swift; path = TodayView.swift; sourceTree = "<group>"; };
		E9AF40322998128900D7BCE3 /* FriendsView.swift */ = {isa = PBXFileReference; lastKnownFileType = sourcecode.swift; path = FriendsView.swift; sourceTree = "<group>"; };
		E9AF40362998802800D7BCE3 /* DayOfWeek.swift */ = {isa = PBXFileReference; lastKnownFileType = sourcecode.swift; path = DayOfWeek.swift; sourceTree = "<group>"; };
		E9AF403C29988CEA00D7BCE3 /* CourseEditoView.swift */ = {isa = PBXFileReference; lastKnownFileType = sourcecode.swift; path = CourseEditoView.swift; sourceTree = "<group>"; };
		E9AF403E29988D5000D7BCE3 /* CourseEditor.swift */ = {isa = PBXFileReference; lastKnownFileType = sourcecode.swift; path = CourseEditor.swift; sourceTree = "<group>"; };
		E9CC84CD29A536D5004CC0B5 /* UserView.swift */ = {isa = PBXFileReference; lastKnownFileType = sourcecode.swift; path = UserView.swift; sourceTree = "<group>"; };
/* End PBXFileReference section */

/* Begin PBXFrameworksBuildPhase section */
		E9A84916298A1E9900F205CB /* Frameworks */ = {
			isa = PBXFrameworksBuildPhase;
			buildActionMask = 2147483647;
			files = (
			);
			runOnlyForDeploymentPostprocessing = 0;
		};
/* End PBXFrameworksBuildPhase section */

/* Begin PBXGroup section */
		E907800329A3FFBA004F8C84 /* Frameworks */ = {
			isa = PBXGroup;
			children = (
				E907800429A3FFBA004F8C84 /* AuthenticationServices.framework */,
			);
			name = Frameworks;
			sourceTree = "<group>";
		};
		E907801429A401BF004F8C84 /* Editing */ = {
			isa = PBXGroup;
			children = (
				E9063FD3299C80B30030DC96 /* DeleteCourseView.swift */,
				E9AF403C29988CEA00D7BCE3 /* CourseEditoView.swift */,
			);
			path = Editing;
			sourceTree = "<group>";
		};
		E907801529A401E2004F8C84 /* Item */ = {
			isa = PBXGroup;
			children = (
				E9063FCD299C08F60030DC96 /* DayItem.swift */,
			);
			path = Item;
			sourceTree = "<group>";
		};
		E907801629A401F0004F8C84 /* NavigationItem */ = {
			isa = PBXGroup;
			children = (
				E9AF402C2998116100D7BCE3 /* WeekView.swift */,
				E9AF40322998128900D7BCE3 /* FriendsView.swift */,
				E9AF40302998127600D7BCE3 /* TodayView.swift */,
				E9CC84CD29A536D5004CC0B5 /* UserView.swift */,
			);
			path = NavigationItem;
			sourceTree = "<group>";
		};
		E9A84910298A1E9900F205CB = {
			isa = PBXGroup;
			children = (
				E97F11A629A07DA3004ED048 /* Launch Screen.storyboard */,
				E9106387299B155400C5FC7F /* Localizable.strings */,
				E9A8491B298A1E9900F205CB /* Kiara */,
				E907800329A3FFBA004F8C84 /* Frameworks */,
				E9A8491A298A1E9900F205CB /* Products */,
			);
			sourceTree = "<group>";
		};
		E9A8491A298A1E9900F205CB /* Products */ = {
			isa = PBXGroup;
			children = (
				E9A84919298A1E9900F205CB /* Kiara.app */,
			);
			name = Products;
			sourceTree = "<group>";
		};
		E9A8491B298A1E9900F205CB /* Kiara */ = {
			isa = PBXGroup;
			children = (
				E907801A29A42CDB004F8C84 /* Kiara.entitlements */,
				E9A8491C298A1E9900F205CB /* KiaraApp.swift */,
				E9AF402F2998126000D7BCE3 /* View */,
				E9063FCF299C37130030DC96 /* Today.swift */,
				E9AF403E29988D5000D7BCE3 /* CourseEditor.swift */,
				E9063FD5299C89600030DC96 /* DeleteCourse.swift */,
				E9AF40252996C9FD00D7BCE3 /* models */,
				E93D843129A867060080B9E4 /* Kiara.swift */,
				E97F11A429A07818004ED048 /* Kiara_API.swift */,
				E9106389299B1A9A00C5FC7F /* LocalizableString.swift */,
				E9A84920298A1E9A00F205CB /* Assets.xcassets */,
				E9A84922298A1E9A00F205CB /* Preview Content */,
				E9322DB329A906EE003444BF /* tools.swift */,
			);
			path = Kiara;
			sourceTree = "<group>";
		};
		E9A84922298A1E9A00F205CB /* Preview Content */ = {
			isa = PBXGroup;
			children = (
				E9A84923298A1E9A00F205CB /* Preview Assets.xcassets */,
			);
			path = "Preview Content";
			sourceTree = "<group>";
		};
		E9AF40252996C9FD00D7BCE3 /* models */ = {
			isa = PBXGroup;
			children = (
				E9AF40232996C9CD00D7BCE3 /* Bloc.swift */,
				E9AF40262996CA9300D7BCE3 /* CourseBloc.swift */,
				E9AF40282996CAC300D7BCE3 /* TimeBloc.swift */,
				E9AF402A29980AAF00D7BCE3 /* EmptyBloc.swift */,
				E9AF40362998802800D7BCE3 /* DayOfWeek.swift */,
				E9063FD1299C3B5E0030DC96 /* WeekDay.swift */,
				E9063FD7299C8C5C0030DC96 /* Course.swift */,
			);
			path = models;
			sourceTree = "<group>";
		};
		E9AF402F2998126000D7BCE3 /* View */ = {
			isa = PBXGroup;
			children = (
				E907801629A401F0004F8C84 /* NavigationItem */,
				E907801529A401E2004F8C84 /* Item */,
				E907801429A401BF004F8C84 /* Editing */,
				E9A8491E298A1E9900F205CB /* ContentView.swift */,
				E907801729A40291004F8C84 /* SignInView.swift */,
			);
			path = View;
			sourceTree = "<group>";
		};
/* End PBXGroup section */

/* Begin PBXNativeTarget section */
		E9A84918298A1E9900F205CB /* Kiara */ = {
			isa = PBXNativeTarget;
			buildConfigurationList = E9A84927298A1E9A00F205CB /* Build configuration list for PBXNativeTarget "Kiara" */;
			buildPhases = (
				E9A84915298A1E9900F205CB /* Sources */,
				E9A84916298A1E9900F205CB /* Frameworks */,
				E9A84917298A1E9900F205CB /* Resources */,
				E907801029A3FFBA004F8C84 /* Embed Foundation Extensions */,
			);
			buildRules = (
			);
			dependencies = (
			);
			name = Kiara;
			productName = Kiara;
			productReference = E9A84919298A1E9900F205CB /* Kiara.app */;
			productType = "com.apple.product-type.application";
		};
/* End PBXNativeTarget section */

/* Begin PBXProject section */
		E9A84911298A1E9900F205CB /* Project object */ = {
			isa = PBXProject;
			attributes = {
				BuildIndependentTargetsInParallel = 1;
				LastSwiftUpdateCheck = 1420;
				LastUpgradeCheck = 1420;
				TargetAttributes = {
					E9A84918298A1E9900F205CB = {
						CreatedOnToolsVersion = 14.2;
					};
				};
			};
			buildConfigurationList = E9A84914298A1E9900F205CB /* Build configuration list for PBXProject "Kiara" */;
			compatibilityVersion = "Xcode 14.0";
			developmentRegion = en;
			hasScannedForEncodings = 0;
			knownRegions = (
				en,
				Base,
				"fr-CA",
				fr,
			);
			mainGroup = E9A84910298A1E9900F205CB;
			productRefGroup = E9A8491A298A1E9900F205CB /* Products */;
			projectDirPath = "";
			projectRoot = "";
			targets = (
				E9A84918298A1E9900F205CB /* Kiara */,
			);
		};
/* End PBXProject section */

/* Begin PBXResourcesBuildPhase section */
		E9A84917298A1E9900F205CB /* Resources */ = {
			isa = PBXResourcesBuildPhase;
			buildActionMask = 2147483647;
			files = (
				E9106385299B155400C5FC7F /* Localizable.strings in Resources */,
				E9A84924298A1E9A00F205CB /* Preview Assets.xcassets in Resources */,
				E97F11A729A07DA3004ED048 /* Launch Screen.storyboard in Resources */,
				E9A84921298A1E9A00F205CB /* Assets.xcassets in Resources */,
			);
			runOnlyForDeploymentPostprocessing = 0;
		};
/* End PBXResourcesBuildPhase section */

/* Begin PBXSourcesBuildPhase section */
		E9A84915298A1E9900F205CB /* Sources */ = {
			isa = PBXSourcesBuildPhase;
			buildActionMask = 2147483647;
			files = (
				E93D843229A867060080B9E4 /* Kiara.swift in Sources */,
				E9AF403D29988CEA00D7BCE3 /* CourseEditoView.swift in Sources */,
				E9AF403F29988D5000D7BCE3 /* CourseEditor.swift in Sources */,
				E9063FD4299C80B30030DC96 /* DeleteCourseView.swift in Sources */,
				E97F11A529A07818004ED048 /* Kiara_API.swift in Sources */,
				E907801829A40291004F8C84 /* SignInView.swift in Sources */,
				E9063FD2299C3B5E0030DC96 /* WeekDay.swift in Sources */,
				E9AF40272996CA9300D7BCE3 /* CourseBloc.swift in Sources */,
				E9AF40312998127600D7BCE3 /* TodayView.swift in Sources */,
				E9AF402B29980AAF00D7BCE3 /* EmptyBloc.swift in Sources */,
				E9063FD8299C8C5C0030DC96 /* Course.swift in Sources */,
				E9063FCE299C08F60030DC96 /* DayItem.swift in Sources */,
				E9CC84CE29A536D5004CC0B5 /* UserView.swift in Sources */,
				E9AF40372998802800D7BCE3 /* DayOfWeek.swift in Sources */,
				E9AF40332998128900D7BCE3 /* FriendsView.swift in Sources */,
				E9322DB429A906EE003444BF /* tools.swift in Sources */,
				E9063FD0299C37130030DC96 /* Today.swift in Sources */,
				E9063FD6299C89600030DC96 /* DeleteCourse.swift in Sources */,
				E9AF40292996CAC300D7BCE3 /* TimeBloc.swift in Sources */,
				E910638A299B1A9A00C5FC7F /* LocalizableString.swift in Sources */,
				E9AF402D2998116100D7BCE3 /* WeekView.swift in Sources */,
				E9AF40242996C9CD00D7BCE3 /* Bloc.swift in Sources */,
				E9A8491F298A1E9900F205CB /* ContentView.swift in Sources */,
				E9A8491D298A1E9900F205CB /* KiaraApp.swift in Sources */,
			);
			runOnlyForDeploymentPostprocessing = 0;
		};
/* End PBXSourcesBuildPhase section */

/* Begin PBXVariantGroup section */
		E9106387299B155400C5FC7F /* Localizable.strings */ = {
			isa = PBXVariantGroup;
			children = (
				E9106386299B155400C5FC7F /* en */,
				E9106388299B155900C5FC7F /* fr-CA */,
				E9063FDE299D6CE40030DC96 /* fr */,
			);
			name = Localizable.strings;
			sourceTree = "<group>";
		};
/* End PBXVariantGroup section */

/* Begin XCBuildConfiguration section */
		E9A84925298A1E9A00F205CB /* Debug */ = {
			isa = XCBuildConfiguration;
			buildSettings = {
				ALWAYS_SEARCH_USER_PATHS = NO;
				CLANG_ANALYZER_LOCALIZABILITY_NONLOCALIZED = YES;
				CLANG_ANALYZER_NONNULL = YES;
				CLANG_ANALYZER_NUMBER_OBJECT_CONVERSION = YES_AGGRESSIVE;
				CLANG_CXX_LANGUAGE_STANDARD = "gnu++20";
				CLANG_ENABLE_MODULES = YES;
				CLANG_ENABLE_OBJC_ARC = YES;
				CLANG_ENABLE_OBJC_WEAK = YES;
				CLANG_WARN_BLOCK_CAPTURE_AUTORELEASING = YES;
				CLANG_WARN_BOOL_CONVERSION = YES;
				CLANG_WARN_COMMA = YES;
				CLANG_WARN_CONSTANT_CONVERSION = YES;
				CLANG_WARN_DEPRECATED_OBJC_IMPLEMENTATIONS = YES;
				CLANG_WARN_DIRECT_OBJC_ISA_USAGE = YES_ERROR;
				CLANG_WARN_DOCUMENTATION_COMMENTS = YES;
				CLANG_WARN_EMPTY_BODY = YES;
				CLANG_WARN_ENUM_CONVERSION = YES;
				CLANG_WARN_INFINITE_RECURSION = YES;
				CLANG_WARN_INT_CONVERSION = YES;
				CLANG_WARN_NON_LITERAL_NULL_CONVERSION = YES;
				CLANG_WARN_OBJC_IMPLICIT_RETAIN_SELF = YES;
				CLANG_WARN_OBJC_LITERAL_CONVERSION = YES;
				CLANG_WARN_OBJC_ROOT_CLASS = YES_ERROR;
				CLANG_WARN_QUOTED_INCLUDE_IN_FRAMEWORK_HEADER = YES;
				CLANG_WARN_RANGE_LOOP_ANALYSIS = YES;
				CLANG_WARN_STRICT_PROTOTYPES = YES;
				CLANG_WARN_SUSPICIOUS_MOVE = YES;
				CLANG_WARN_UNGUARDED_AVAILABILITY = YES_AGGRESSIVE;
				CLANG_WARN_UNREACHABLE_CODE = YES;
				CLANG_WARN__DUPLICATE_METHOD_MATCH = YES;
				COPY_PHASE_STRIP = NO;
				DEBUG_INFORMATION_FORMAT = dwarf;
				ENABLE_STRICT_OBJC_MSGSEND = YES;
				ENABLE_TESTABILITY = YES;
				GCC_C_LANGUAGE_STANDARD = gnu11;
				GCC_DYNAMIC_NO_PIC = NO;
				GCC_NO_COMMON_BLOCKS = YES;
				GCC_OPTIMIZATION_LEVEL = 0;
				GCC_PREPROCESSOR_DEFINITIONS = (
					"DEBUG=1",
					"$(inherited)",
				);
				GCC_WARN_64_TO_32_BIT_CONVERSION = YES;
				GCC_WARN_ABOUT_RETURN_TYPE = YES_ERROR;
				GCC_WARN_UNDECLARED_SELECTOR = YES;
				GCC_WARN_UNINITIALIZED_AUTOS = YES_AGGRESSIVE;
				GCC_WARN_UNUSED_FUNCTION = YES;
				GCC_WARN_UNUSED_VARIABLE = YES;
				IPHONEOS_DEPLOYMENT_TARGET = 16.2;
				MTL_ENABLE_DEBUG_INFO = INCLUDE_SOURCE;
				MTL_FAST_MATH = YES;
				ONLY_ACTIVE_ARCH = YES;
				SDKROOT = iphoneos;
				SWIFT_ACTIVE_COMPILATION_CONDITIONS = DEBUG;
				SWIFT_OPTIMIZATION_LEVEL = "-Onone";
			};
			name = Debug;
		};
		E9A84926298A1E9A00F205CB /* Release */ = {
			isa = XCBuildConfiguration;
			buildSettings = {
				ALWAYS_SEARCH_USER_PATHS = NO;
				CLANG_ANALYZER_LOCALIZABILITY_NONLOCALIZED = YES;
				CLANG_ANALYZER_NONNULL = YES;
				CLANG_ANALYZER_NUMBER_OBJECT_CONVERSION = YES_AGGRESSIVE;
				CLANG_CXX_LANGUAGE_STANDARD = "gnu++20";
				CLANG_ENABLE_MODULES = YES;
				CLANG_ENABLE_OBJC_ARC = YES;
				CLANG_ENABLE_OBJC_WEAK = YES;
				CLANG_WARN_BLOCK_CAPTURE_AUTORELEASING = YES;
				CLANG_WARN_BOOL_CONVERSION = YES;
				CLANG_WARN_COMMA = YES;
				CLANG_WARN_CONSTANT_CONVERSION = YES;
				CLANG_WARN_DEPRECATED_OBJC_IMPLEMENTATIONS = YES;
				CLANG_WARN_DIRECT_OBJC_ISA_USAGE = YES_ERROR;
				CLANG_WARN_DOCUMENTATION_COMMENTS = YES;
				CLANG_WARN_EMPTY_BODY = YES;
				CLANG_WARN_ENUM_CONVERSION = YES;
				CLANG_WARN_INFINITE_RECURSION = YES;
				CLANG_WARN_INT_CONVERSION = YES;
				CLANG_WARN_NON_LITERAL_NULL_CONVERSION = YES;
				CLANG_WARN_OBJC_IMPLICIT_RETAIN_SELF = YES;
				CLANG_WARN_OBJC_LITERAL_CONVERSION = YES;
				CLANG_WARN_OBJC_ROOT_CLASS = YES_ERROR;
				CLANG_WARN_QUOTED_INCLUDE_IN_FRAMEWORK_HEADER = YES;
				CLANG_WARN_RANGE_LOOP_ANALYSIS = YES;
				CLANG_WARN_STRICT_PROTOTYPES = YES;
				CLANG_WARN_SUSPICIOUS_MOVE = YES;
				CLANG_WARN_UNGUARDED_AVAILABILITY = YES_AGGRESSIVE;
				CLANG_WARN_UNREACHABLE_CODE = YES;
				CLANG_WARN__DUPLICATE_METHOD_MATCH = YES;
				COPY_PHASE_STRIP = NO;
				DEBUG_INFORMATION_FORMAT = "dwarf-with-dsym";
				ENABLE_NS_ASSERTIONS = NO;
				ENABLE_STRICT_OBJC_MSGSEND = YES;
				GCC_C_LANGUAGE_STANDARD = gnu11;
				GCC_NO_COMMON_BLOCKS = YES;
				GCC_WARN_64_TO_32_BIT_CONVERSION = YES;
				GCC_WARN_ABOUT_RETURN_TYPE = YES_ERROR;
				GCC_WARN_UNDECLARED_SELECTOR = YES;
				GCC_WARN_UNINITIALIZED_AUTOS = YES_AGGRESSIVE;
				GCC_WARN_UNUSED_FUNCTION = YES;
				GCC_WARN_UNUSED_VARIABLE = YES;
				IPHONEOS_DEPLOYMENT_TARGET = 16.2;
				MTL_ENABLE_DEBUG_INFO = NO;
				MTL_FAST_MATH = YES;
				SDKROOT = iphoneos;
				SWIFT_COMPILATION_MODE = wholemodule;
				SWIFT_OPTIMIZATION_LEVEL = "-O";
				VALIDATE_PRODUCT = YES;
			};
			name = Release;
		};
		E9A84928298A1E9A00F205CB /* Debug */ = {
			isa = XCBuildConfiguration;
			buildSettings = {
				ALWAYS_EMBED_SWIFT_STANDARD_LIBRARIES = YES;
				ASSETCATALOG_COMPILER_APPICON_NAME = AppIcon;
				ASSETCATALOG_COMPILER_GLOBAL_ACCENT_COLOR_NAME = AccentColor;
				CODE_SIGN_ENTITLEMENTS = Kiara/Kiara.entitlements;
				CODE_SIGN_STYLE = Automatic;
				CURRENT_PROJECT_VERSION = 1;
				DEVELOPMENT_ASSET_PATHS = "\"Kiara/Preview Content\"";
				DEVELOPMENT_TEAM = TW4Q47HKGX;
				ENABLE_PREVIEWS = YES;
				GENERATE_INFOPLIST_FILE = YES;
				INFOPLIST_FILE = Kiara/Info.plist;
				INFOPLIST_KEY_UIApplicationSceneManifest_Generation = YES;
				INFOPLIST_KEY_UIApplicationSupportsIndirectInputEvents = YES;
				INFOPLIST_KEY_UILaunchScreen_Generation = YES;
				INFOPLIST_KEY_UISupportedInterfaceOrientations = UIInterfaceOrientationPortrait;
				INFOPLIST_KEY_UISupportedInterfaceOrientations_iPad = "UIInterfaceOrientationLandscapeLeft UIInterfaceOrientationLandscapeRight UIInterfaceOrientationPortrait UIInterfaceOrientationPortraitUpsideDown";
				IPHONEOS_DEPLOYMENT_TARGET = 16.0;
				LD_RUNPATH_SEARCH_PATHS = (
					"$(inherited)",
					"@executable_path/Frameworks",
				);
				MARKETING_VERSION = 1.0;
				PRODUCT_BUNDLE_IDENTIFIER = "Ludovic-Fournier.Kiara";
				PRODUCT_NAME = "$(TARGET_NAME)";
				SWIFT_EMIT_LOC_STRINGS = YES;
				SWIFT_VERSION = 5.0;
				TARGETED_DEVICE_FAMILY = "1,2";
			};
			name = Debug;
		};
		E9A84929298A1E9A00F205CB /* Release */ = {
			isa = XCBuildConfiguration;
			buildSettings = {
				ALWAYS_EMBED_SWIFT_STANDARD_LIBRARIES = YES;
				ASSETCATALOG_COMPILER_APPICON_NAME = AppIcon;
				ASSETCATALOG_COMPILER_GLOBAL_ACCENT_COLOR_NAME = AccentColor;
				CODE_SIGN_ENTITLEMENTS = Kiara/Kiara.entitlements;
				CODE_SIGN_STYLE = Automatic;
				CURRENT_PROJECT_VERSION = 1;
				DEVELOPMENT_ASSET_PATHS = "\"Kiara/Preview Content\"";
				DEVELOPMENT_TEAM = TW4Q47HKGX;
				ENABLE_PREVIEWS = YES;
				GENERATE_INFOPLIST_FILE = YES;
				INFOPLIST_FILE = Kiara/Info.plist;
				INFOPLIST_KEY_UIApplicationSceneManifest_Generation = YES;
				INFOPLIST_KEY_UIApplicationSupportsIndirectInputEvents = YES;
				INFOPLIST_KEY_UILaunchScreen_Generation = YES;
				INFOPLIST_KEY_UISupportedInterfaceOrientations = UIInterfaceOrientationPortrait;
				INFOPLIST_KEY_UISupportedInterfaceOrientations_iPad = "UIInterfaceOrientationLandscapeLeft UIInterfaceOrientationLandscapeRight UIInterfaceOrientationPortrait UIInterfaceOrientationPortraitUpsideDown";
				IPHONEOS_DEPLOYMENT_TARGET = 16.0;
				LD_RUNPATH_SEARCH_PATHS = (
					"$(inherited)",
					"@executable_path/Frameworks",
				);
				MARKETING_VERSION = 1.0;
				PRODUCT_BUNDLE_IDENTIFIER = "Ludovic-Fournier.Kiara";
				PRODUCT_NAME = "$(TARGET_NAME)";
				SWIFT_EMIT_LOC_STRINGS = YES;
				SWIFT_VERSION = 5.0;
				TARGETED_DEVICE_FAMILY = "1,2";
			};
			name = Release;
		};
/* End XCBuildConfiguration section */

/* Begin XCConfigurationList section */
		E9A84914298A1E9900F205CB /* Build configuration list for PBXProject "Kiara" */ = {
			isa = XCConfigurationList;
			buildConfigurations = (
				E9A84925298A1E9A00F205CB /* Debug */,
				E9A84926298A1E9A00F205CB /* Release */,
			);
			defaultConfigurationIsVisible = 0;
			defaultConfigurationName = Release;
		};
		E9A84927298A1E9A00F205CB /* Build configuration list for PBXNativeTarget "Kiara" */ = {
			isa = XCConfigurationList;
			buildConfigurations = (
				E9A84928298A1E9A00F205CB /* Debug */,
				E9A84929298A1E9A00F205CB /* Release */,
			);
			defaultConfigurationIsVisible = 0;
			defaultConfigurationName = Release;
		};
/* End XCConfigurationList section */
	};
	rootObject = E9A84911298A1E9900F205CB /* Project object */;
}
